version = 1
requires-python = ">=3.13"

[[package]]
name = "absl-py"
version = "2.1.0"
source = { registry = "https://pypi.org/simple" }
sdist = { url = "https://files.pythonhosted.org/packages/7a/8f/fc001b92ecc467cc32ab38398bd0bfb45df46e7523bf33c2ad22a505f06e/absl-py-2.1.0.tar.gz", hash = "sha256:7820790efbb316739cde8b4e19357243fc3608a152024288513dd968d7d959ff", size = 118055 }
wheels = [
    { url = "https://files.pythonhosted.org/packages/a2/ad/e0d3c824784ff121c03cc031f944bc7e139a8f1870ffd2845cc2dd76f6c4/absl_py-2.1.0-py3-none-any.whl", hash = "sha256:526a04eadab8b4ee719ce68f204172ead1027549089702d99b9059f129ff1308", size = 133706 },
]

[[package]]
name = "cfgv"
version = "3.4.0"
source = { registry = "https://pypi.org/simple" }
sdist = { url = "https://files.pythonhosted.org/packages/11/74/539e56497d9bd1d484fd863dd69cbbfa653cd2aa27abfe35653494d85e94/cfgv-3.4.0.tar.gz", hash = "sha256:e52591d4c5f5dead8e0f673fb16db7949d2cfb3f7da4582893288f0ded8fe560", size = 7114 }
wheels = [
    { url = "https://files.pythonhosted.org/packages/c5/55/51844dd50c4fc7a33b653bfaba4c2456f06955289ca770a5dbd5fd267374/cfgv-3.4.0-py2.py3-none-any.whl", hash = "sha256:b7265b1f29fd3316bfcd2b330d63d024f2bfd8bcb8b0272f8e19a504856c48f9", size = 7249 },
]

[[package]]
name = "distlib"
version = "0.3.9"
source = { registry = "https://pypi.org/simple" }
sdist = { url = "https://files.pythonhosted.org/packages/0d/dd/1bec4c5ddb504ca60fc29472f3d27e8d4da1257a854e1d96742f15c1d02d/distlib-0.3.9.tar.gz", hash = "sha256:a60f20dea646b8a33f3e7772f74dc0b2d0772d2837ee1342a00645c81edf9403", size = 613923 }
wheels = [
    { url = "https://files.pythonhosted.org/packages/91/a1/cf2472db20f7ce4a6be1253a81cfdf85ad9c7885ffbed7047fb72c24cf87/distlib-0.3.9-py2.py3-none-any.whl", hash = "sha256:47f8c22fd27c27e25a65601af709b38e4f0a45ea4fc2e710f65755fa8caaaf87", size = 468973 },
]

[[package]]
name = "etils"
version = "1.11.0"
source = { registry = "https://pypi.org/simple" }
sdist = { url = "https://files.pythonhosted.org/packages/85/28/8a4d0614a7864c1c703f848dedb69d2f532a623ffb0159e390c06ad20279/etils-1.11.0.tar.gz", hash = "sha256:aff3278a3be7fddf302dfd80335e9f924244666c71239cd91e836f3d055f1c4a", size = 103610 }
wheels = [
    { url = "https://files.pythonhosted.org/packages/4f/4a/ff8aa2c57300613b69905308c5afe92c5b01112d766c25a305fd6796170a/etils-1.11.0-py3-none-any.whl", hash = "sha256:a394cf3476bcec51c221426a70c39cd1006e889456ba41e4d7f12fd6814be7a5", size = 165419 },
]

[package.optional-dependencies]
epath = [
    { name = "fsspec" },
    { name = "importlib-resources" },
    { name = "typing-extensions" },
    { name = "zipp" },
]

[[package]]
name = "filelock"
version = "3.16.1"
source = { registry = "https://pypi.org/simple" }
sdist = { url = "https://files.pythonhosted.org/packages/9d/db/3ef5bb276dae18d6ec2124224403d1d67bccdbefc17af4cc8f553e341ab1/filelock-3.16.1.tar.gz", hash = "sha256:c249fbfcd5db47e5e2d6d62198e565475ee65e4831e2561c8e313fa7eb961435", size = 18037 }
wheels = [
    { url = "https://files.pythonhosted.org/packages/b9/f8/feced7779d755758a52d1f6635d990b8d98dc0a29fa568bbe0625f18fdf3/filelock-3.16.1-py3-none-any.whl", hash = "sha256:2082e5703d51fbf98ea75855d9d5527e33d8ff23099bec374a134febee6946b0", size = 16163 },
]

[[package]]
name = "fsspec"
version = "2024.12.0"
source = { registry = "https://pypi.org/simple" }
sdist = { url = "https://files.pythonhosted.org/packages/ee/11/de70dee31455c546fbc88301971ec03c328f3d1138cfba14263f651e9551/fsspec-2024.12.0.tar.gz", hash = "sha256:670700c977ed2fb51e0d9f9253177ed20cbde4a3e5c0283cc5385b5870c8533f", size = 291600 }
wheels = [
    { url = "https://files.pythonhosted.org/packages/de/86/5486b0188d08aa643e127774a99bac51ffa6cf343e3deb0583956dca5b22/fsspec-2024.12.0-py3-none-any.whl", hash = "sha256:b520aed47ad9804237ff878b504267a3b0b441e97508bd6d2d8774e3db85cee2", size = 183862 },
]

[[package]]
name = "glfw"
version = "2.8.0"
source = { registry = "https://pypi.org/simple" }
sdist = { url = "https://files.pythonhosted.org/packages/2d/2a/48716456664a0db318e9a2565a1622a5c8400a553688b17d6d6d3a5efbd9/glfw-2.8.0.tar.gz", hash = "sha256:90e90d328b0b26fed6e1631d21801e2d8a7a0c5dcb480e733c177567ec9666f0", size = 31372 }
wheels = [
    { url = "https://files.pythonhosted.org/packages/b6/f1/4d412c337cba7aa2f77bac46df463ab0cf8c82dd70a02f75c915e506fb15/glfw-2.8.0-py2.py27.py3.py30.py31.py32.py33.py34.py35.py36.py37.py38.p39.p310.p311.p312.p313-none-macosx_10_6_intel.whl", hash = "sha256:28aaef2f022b57cd37525ad1d11ba9049931a273359964fb3cd36762eb093ed1", size = 105239 },
    { url = "https://files.pythonhosted.org/packages/d1/76/1c5e408b55f8ed6787421f4ceaa1f26b6618a8ece9b6c199e559be810d5f/glfw-2.8.0-py2.py27.py3.py30.py31.py32.py33.py34.py35.py36.py37.py38.p39.p310.p311.p312.p313-none-macosx_11_0_arm64.whl", hash = "sha256:0239e478ff065719064fd1272ad29f8542e8178b11c614674bb930d85aa2d1e7", size = 102088 },
    { url = "https://files.pythonhosted.org/packages/47/16/2ffe39faf5bababe5b4ac47a2a6bfdb3ba5d88e4837228a723cb45cd919e/glfw-2.8.0-py2.py27.py3.py30.py31.py32.py33.py34.py35.py36.py37.py38.p39.p310.p311.p312.p313-none-manylinux2014_aarch64.whl", hash = "sha256:44b5313cffa4a037e8e2988bccba6fa7de0a24123509f4ccf3e49b831cf72abb", size = 229946 },
    { url = "https://files.pythonhosted.org/packages/43/3f/038bd92471d38654e440c30faccff1d36f1da5e9ea96cc112ac6d59777e5/glfw-2.8.0-py2.py27.py3.py30.py31.py32.py33.py34.py35.py36.py37.py38.p39.p310.p311.p312.p313-none-manylinux2014_x86_64.whl", hash = "sha256:0fd982cf42a8e3137e05e392280826311961f9e99c82a0ccf22a63a0d2acd143", size = 241890 },
    { url = "https://files.pythonhosted.org/packages/23/83/714deff4fc489e760bf92b8335005ba291f450ed1ba8fd651d708b787fb4/glfw-2.8.0-py2.py27.py3.py30.py31.py32.py33.py34.py35.py36.py37.py38.p39.p310.p311.p312.p313-none-manylinux_2_28_aarch64.whl", hash = "sha256:523e1fc03898bcb0711f78d6f21eee58c1f865bb764cbd36b9549580a4c43454", size = 230122 },
    { url = "https://files.pythonhosted.org/packages/bb/55/a513de61cafe6bd70c064a5b714dc084120fe8f90a5ba51fbc5cfe42fc13/glfw-2.8.0-py2.py27.py3.py30.py31.py32.py33.py34.py35.py36.py37.py38.p39.p310.p311.p312.p313-none-manylinux_2_28_x86_64.whl", hash = "sha256:9cd20351b14587c6fe7063afb33cc03152e38dd2bff2b69613cb044bf3bdb635", size = 243445 },
    { url = "https://files.pythonhosted.org/packages/64/65/3c18a715c8a57a4e1de96311b6ad6c77c3b90535fc92c4a5e26b2e18f87d/glfw-2.8.0-py2.py27.py3.py30.py31.py32.py33.py34.py35.py36.py37.py38.p39.p310.p311.p312.p313-none-win32.whl", hash = "sha256:13a75d8d3e8d4bb24595f2354a392ccf7c54ddd20dacb88e1188b760f2a7714b", size = 552596 },
    { url = "https://files.pythonhosted.org/packages/9d/3d/29791f39363b613a0b62b9ca7a2449ef55fe51096797ae3bc90c1bb8d143/glfw-2.8.0-py2.py27.py3.py30.py31.py32.py33.py34.py35.py36.py37.py38.p39.p310.p311.p312.p313-none-win_amd64.whl", hash = "sha256:1416f10d2c2748c39910e9d9e6a10a5473743c5a745518061e4051be4c5caaa1", size = 559382 },
]

[[package]]
name = "icland"
version = "0.1.0"
source = { editable = "." }
dependencies = [
    { name = "mujoco" },
    { name = "mujoco-mjx" },
]

[package.dev-dependencies]
dev = [
    { name = "pre-commit" },
    { name = "ruff" },
]

[package.metadata]
requires-dist = [
    { name = "mujoco", specifier = ">=3.2.6" },
    { name = "mujoco-mjx", specifier = ">=3.2.6" },
]

[package.metadata.requires-dev]
dev = [
    { name = "pre-commit", specifier = ">=4.0.1" },
    { name = "ruff", specifier = ">=0.9.1" },
]

[[package]]
name = "identify"
version = "2.6.5"
source = { registry = "https://pypi.org/simple" }
sdist = { url = "https://files.pythonhosted.org/packages/cf/92/69934b9ef3c31ca2470980423fda3d00f0460ddefdf30a67adf7f17e2e00/identify-2.6.5.tar.gz", hash = "sha256:c10b33f250e5bba374fae86fb57f3adcebf1161bce7cdf92031915fd480c13bc", size = 99213 }
wheels = [
    { url = "https://files.pythonhosted.org/packages/ec/fa/dce098f4cdf7621aa8f7b4f919ce545891f489482f0bfa5102f3eca8608b/identify-2.6.5-py2.py3-none-any.whl", hash = "sha256:14181a47091eb75b337af4c23078c9d09225cd4c48929f521f3bf16b09d02566", size = 99078 },
]

[[package]]
name = "importlib-resources"
version = "6.5.2"
source = { registry = "https://pypi.org/simple" }
sdist = { url = "https://files.pythonhosted.org/packages/cf/8c/f834fbf984f691b4f7ff60f50b514cc3de5cc08abfc3295564dd89c5e2e7/importlib_resources-6.5.2.tar.gz", hash = "sha256:185f87adef5bcc288449d98fb4fba07cea78bc036455dd44c5fc4a2fe78fed2c", size = 44693 }
wheels = [
    { url = "https://files.pythonhosted.org/packages/a4/ed/1f1afb2e9e7f38a545d628f864d562a5ae64fe6f7a10e28ffb9b185b4e89/importlib_resources-6.5.2-py3-none-any.whl", hash = "sha256:789cfdc3ed28c78b67a06acb8126751ced69a3d5f79c095a98298cd8a760ccec", size = 37461 },
]

[[package]]
name = "jax"
version = "0.4.38"
source = { registry = "https://pypi.org/simple" }
dependencies = [
    { name = "jaxlib" },
    { name = "ml-dtypes" },
    { name = "numpy" },
    { name = "opt-einsum" },
    { name = "scipy" },
]
sdist = { url = "https://files.pythonhosted.org/packages/fb/e5/c4aa9644bb96b7f6747bd7c9f8cda7665ca5e194fa2542b2dea3ff730701/jax-0.4.38.tar.gz", hash = "sha256:43bae65881628319e0a2148e8f81a202fbc2b8d048e35c7cb1df2416672fa4a8", size = 1930034 }
wheels = [
    { url = "https://files.pythonhosted.org/packages/22/49/b4418a7a892c0dd64442bbbeef54e1cdfe722dfc5a7bf0d611d3f5f90e99/jax-0.4.38-py3-none-any.whl", hash = "sha256:78987306f7041ea8500d99df1a17c33ed92620c2268c4c3677fb24e06712be64", size = 2236864 },
]

[[package]]
name = "jaxlib"
version = "0.4.38"
source = { registry = "https://pypi.org/simple" }
dependencies = [
    { name = "ml-dtypes" },
    { name = "numpy" },
    { name = "scipy" },
]
wheels = [
    { url = "https://files.pythonhosted.org/packages/91/03/aee503c7077c6dbbd568842303426c6ec1cef9bff330c418c9e71906cccd/jaxlib-0.4.38-cp313-cp313-macosx_10_14_x86_64.whl", hash = "sha256:41e55ae5818a882e5789e848f6f16687ac132bcfbb5a5fa114a5d18b78d05f2d", size = 99739026 },
    { url = "https://files.pythonhosted.org/packages/cb/bf/fbbf61da319611d88e11c691d5a2077039208ded05e1731dea940f824a59/jaxlib-0.4.38-cp313-cp313-macosx_11_0_arm64.whl", hash = "sha256:6fe326b8af366387dd47ccf312583b2b17fed12712c9b74a648b18a13cbdbabf", size = 79508735 },
    { url = "https://files.pythonhosted.org/packages/e4/0b/8cbff0b6d62a4694351c49baf53b7ed8deb8a6854d129408c38158e11676/jaxlib-0.4.38-cp313-cp313-manylinux2014_aarch64.whl", hash = "sha256:248cca3771ebf24b070f49701364ceada33e6139445b06c782cca5ac5ad92bf4", size = 93251882 },
    { url = "https://files.pythonhosted.org/packages/15/57/7f0283273b69c417071bcd2f4c2ed076479ec5ffc22a647f13c21da8d071/jaxlib-0.4.38-cp313-cp313-manylinux2014_x86_64.whl", hash = "sha256:2ce77ba8cda9259a4bca97afc1c722e4291a6c463a63f8d372c6edc85117d625", size = 101791137 },
    { url = "https://files.pythonhosted.org/packages/de/de/d6c4d234cd426b97459cb070af90792b48643967a0d28641379ee9e10fc9/jaxlib-0.4.38-cp313-cp313-win_amd64.whl", hash = "sha256:4103db0b3a38a5dc132741237453c24d8547290a22079ba1b577d6c88c95300a", size = 64288459 },
]

[[package]]
name = "ml-dtypes"
version = "0.5.1"
source = { registry = "https://pypi.org/simple" }
dependencies = [
    { name = "numpy" },
]
sdist = { url = "https://files.pythonhosted.org/packages/32/49/6e67c334872d2c114df3020e579f3718c333198f8312290e09ec0216703a/ml_dtypes-0.5.1.tar.gz", hash = "sha256:ac5b58559bb84a95848ed6984eb8013249f90b6bab62aa5acbad876e256002c9", size = 698772 }
wheels = [
    { url = "https://files.pythonhosted.org/packages/0f/92/bb6a3d18e16fddd18ce6d5f480e1919b33338c70e18cba831c6ae59812ee/ml_dtypes-0.5.1-cp313-cp313-macosx_10_13_universal2.whl", hash = "sha256:12651420130ee7cc13059fc56dac6ad300c3af3848b802d475148c9defd27c23", size = 667696 },
    { url = "https://files.pythonhosted.org/packages/6d/29/cfc89d842767e9a51146043b0fa18332c2b38f8831447e6cb1160e3c6102/ml_dtypes-0.5.1-cp313-cp313-manylinux_2_17_aarch64.manylinux2014_aarch64.whl", hash = "sha256:c9945669d3dadf8acb40ec2e57d38c985d8c285ea73af57fc5b09872c516106d", size = 4638365 },
    { url = "https://files.pythonhosted.org/packages/be/26/adc36e3ea09603d9f6d114894e1c1b7b8e8a9ef6d0b031cc270c6624a37c/ml_dtypes-0.5.1-cp313-cp313-manylinux_2_17_x86_64.manylinux2014_x86_64.whl", hash = "sha256:bf9975bda82a99dc935f2ae4c83846d86df8fd6ba179614acac8e686910851da", size = 4702722 },
    { url = "https://files.pythonhosted.org/packages/da/8a/a2b9375c94077e5a488a624a195621407846f504068ce22ccf805c674156/ml_dtypes-0.5.1-cp313-cp313-win_amd64.whl", hash = "sha256:fd918d4e6a4e0c110e2e05be7a7814d10dc1b95872accbf6512b80a109b71ae1", size = 210850 },
    { url = "https://files.pythonhosted.org/packages/52/38/703169100fdde27957f061d4d0ea3e00525775a09acaccf7e655d9609d55/ml_dtypes-0.5.1-cp313-cp313t-macosx_10_13_universal2.whl", hash = "sha256:05f23447a1c20ddf4dc7c2c661aa9ed93fcb2658f1017c204d1e758714dc28a8", size = 693043 },
    { url = "https://files.pythonhosted.org/packages/28/ff/4e234c9c23e0d456f5da5a326c103bf890c746d93351524d987e41f438b3/ml_dtypes-0.5.1-cp313-cp313t-manylinux_2_17_aarch64.manylinux2014_aarch64.whl", hash = "sha256:1b7fbe5571fdf28fd3aaab3ef4aafc847de9ebf263be959958c1ca58ec8eadf5", size = 4903946 },
    { url = "https://files.pythonhosted.org/packages/b7/45/c1a1ccfdd02bc4173ca0f4a2d327683a27df85797b885eb1da1ca325b85c/ml_dtypes-0.5.1-cp313-cp313t-manylinux_2_17_x86_64.manylinux2014_x86_64.whl", hash = "sha256:d13755f8e8445b3870114e5b6240facaa7cb0c3361e54beba3e07fa912a6e12b", size = 5052731 },
]

[[package]]
name = "mujoco"
version = "3.2.6"
source = { registry = "https://pypi.org/simple" }
dependencies = [
    { name = "absl-py" },
    { name = "etils", extra = ["epath"] },
    { name = "glfw" },
    { name = "numpy" },
    { name = "pyopengl" },
]
sdist = { url = "https://files.pythonhosted.org/packages/12/2f/d00eb0f381b8b5b4b93615f8255651a39d00900d0636a280c31cfeeaa72e/mujoco-3.2.6.tar.gz", hash = "sha256:925efee5c32f6806882c40112ace4a3ed74b13b2aff09ecd75d6678faa0bc24f", size = 721065 }
wheels = [
    { url = "https://files.pythonhosted.org/packages/d2/25/c539d2f2323b513979cd8ab97eba697c262689d824b9188b88eb3774bd50/mujoco-3.2.6-cp313-cp313-macosx_10_16_x86_64.whl", hash = "sha256:093ed48e21d437bb4f71a1a04a3bfad411887f93b6a2e75f4cbf15f9c93aac1c", size = 6577908 },
    { url = "https://files.pythonhosted.org/packages/35/a5/933702a58dd8e05fe67cbfe3bc7ff7495faa8d6bd8b335c5860bd27e1203/mujoco-3.2.6-cp313-cp313-macosx_11_0_arm64.whl", hash = "sha256:132ca9f851108977e056bcf4ad1bfd804545d6ece01738d1724049dc83f9c3a7", size = 6311056 },
    { url = "https://files.pythonhosted.org/packages/41/c3/187aaa57cb5b4e9e1d753c33ade0663f90704390093591b59d79c316fe2d/mujoco-3.2.6-cp313-cp313-manylinux_2_17_aarch64.manylinux2014_aarch64.whl", hash = "sha256:759b7d5ce1ef1cbd5b6df94796bfeeb92523a2391d5726706de503b207771b9b", size = 6113323 },
    { url = "https://files.pythonhosted.org/packages/f8/b0/a52a5cc8055e78b7a6e2c36afb75b19c1fa0f190cf27cfeaceab685829ad/mujoco-3.2.6-cp313-cp313-manylinux_2_17_x86_64.manylinux2014_x86_64.whl", hash = "sha256:90d61f808cfe309db59930dce66e882fd9cfafba608675ef2cb17d4c04e5cab7", size = 6452983 },
    { url = "https://files.pythonhosted.org/packages/8b/d7/3497013be0767deff8a35d13579fc18defad9e8ab127ada754c44ca064ff/mujoco-3.2.6-cp313-cp313-win_amd64.whl", hash = "sha256:f131e7b82328ed7fc5d8f12eb469ea8f9a2d46eef76c974d68bf623bcf36f32c", size = 4721652 },
]

[[package]]
name = "mujoco-mjx"
version = "3.2.6"
source = { registry = "https://pypi.org/simple" }
dependencies = [
    { name = "absl-py" },
    { name = "etils", extra = ["epath"] },
    { name = "jax" },
    { name = "jaxlib" },
    { name = "mujoco" },
    { name = "scipy" },
    { name = "trimesh" },
]
sdist = { url = "https://files.pythonhosted.org/packages/47/50/5502c4b196cedca06a1472b14a20cd96e9f5aa70810c24922ceec9aeea85/mujoco_mjx-3.2.6.tar.gz", hash = "sha256:6a4b4921e7c9b72c08885fb4b73ab8432418de790851647f10d048b3840ea888", size = 6622481 }
wheels = [
    { url = "https://files.pythonhosted.org/packages/8f/40/cf8919d5a24791d711ef9c03b727b94083fe84d52f1f9c3cc0ee9dddb8e0/mujoco_mjx-3.2.6-py3-none-any.whl", hash = "sha256:caf18ae5bb7eeda003002c798ba8dd90c4e4aa7cfc38bf3b85875ecaed0ed91a", size = 6673958 },
]

[[package]]
name = "nodeenv"
version = "1.9.1"
source = { registry = "https://pypi.org/simple" }
sdist = { url = "https://files.pythonhosted.org/packages/43/16/fc88b08840de0e0a72a2f9d8c6bae36be573e475a6326ae854bcc549fc45/nodeenv-1.9.1.tar.gz", hash = "sha256:6ec12890a2dab7946721edbfbcd91f3319c6ccc9aec47be7c7e6b7011ee6645f", size = 47437 }
wheels = [
    { url = "https://files.pythonhosted.org/packages/d2/1d/1b658dbd2b9fa9c4c9f32accbfc0205d532c8c6194dc0f2a4c0428e7128a/nodeenv-1.9.1-py2.py3-none-any.whl", hash = "sha256:ba11c9782d29c27c70ffbdda2d7415098754709be8a7056d79a737cd901155c9", size = 22314 },
]

[[package]]
name = "numpy"
version = "2.2.1"
source = { registry = "https://pypi.org/simple" }
sdist = { url = "https://files.pythonhosted.org/packages/f2/a5/fdbf6a7871703df6160b5cf3dd774074b086d278172285c52c2758b76305/numpy-2.2.1.tar.gz", hash = "sha256:45681fd7128c8ad1c379f0ca0776a8b0c6583d2f69889ddac01559dfe4390918", size = 20227662 }
wheels = [
    { url = "https://files.pythonhosted.org/packages/20/d6/91a26e671c396e0c10e327b763485ee295f5a5a7a48c553f18417e5a0ed5/numpy-2.2.1-cp313-cp313-macosx_10_13_x86_64.whl", hash = "sha256:f1d09e520217618e76396377c81fba6f290d5f926f50c35f3a5f72b01a0da780", size = 20896464 },
    { url = "https://files.pythonhosted.org/packages/8c/40/5792ccccd91d45e87d9e00033abc4f6ca8a828467b193f711139ff1f1cd9/numpy-2.2.1-cp313-cp313-macosx_11_0_arm64.whl", hash = "sha256:3ecc47cd7f6ea0336042be87d9e7da378e5c7e9b3c8ad0f7c966f714fc10d821", size = 14111350 },
    { url = "https://files.pythonhosted.org/packages/c0/2a/fb0a27f846cb857cef0c4c92bef89f133a3a1abb4e16bba1c4dace2e9b49/numpy-2.2.1-cp313-cp313-macosx_14_0_arm64.whl", hash = "sha256:f419290bc8968a46c4933158c91a0012b7a99bb2e465d5ef5293879742f8797e", size = 5111629 },
    { url = "https://files.pythonhosted.org/packages/eb/e5/8e81bb9d84db88b047baf4e8b681a3e48d6390bc4d4e4453eca428ecbb49/numpy-2.2.1-cp313-cp313-macosx_14_0_x86_64.whl", hash = "sha256:5b6c390bfaef8c45a260554888966618328d30e72173697e5cabe6b285fb2348", size = 6645865 },
    { url = "https://files.pythonhosted.org/packages/7a/1a/a90ceb191dd2f9e2897c69dde93ccc2d57dd21ce2acbd7b0333e8eea4e8d/numpy-2.2.1-cp313-cp313-manylinux_2_17_aarch64.manylinux2014_aarch64.whl", hash = "sha256:526fc406ab991a340744aad7e25251dd47a6720a685fa3331e5c59fef5282a59", size = 14043508 },
    { url = "https://files.pythonhosted.org/packages/f1/5a/e572284c86a59dec0871a49cd4e5351e20b9c751399d5f1d79628c0542cb/numpy-2.2.1-cp313-cp313-manylinux_2_17_x86_64.manylinux2014_x86_64.whl", hash = "sha256:f74e6fdeb9a265624ec3a3918430205dff1df7e95a230779746a6af78bc615af", size = 16094100 },
    { url = "https://files.pythonhosted.org/packages/0c/2c/a79d24f364788386d85899dd280a94f30b0950be4b4a545f4fa4ed1d4ca7/numpy-2.2.1-cp313-cp313-musllinux_1_2_aarch64.whl", hash = "sha256:53c09385ff0b72ba79d8715683c1168c12e0b6e84fb0372e97553d1ea91efe51", size = 15239691 },
    { url = "https://files.pythonhosted.org/packages/cf/79/1e20fd1c9ce5a932111f964b544facc5bb9bde7865f5b42f00b4a6a9192b/numpy-2.2.1-cp313-cp313-musllinux_1_2_x86_64.whl", hash = "sha256:f3eac17d9ec51be534685ba877b6ab5edc3ab7ec95c8f163e5d7b39859524716", size = 17856571 },
    { url = "https://files.pythonhosted.org/packages/be/5b/cc155e107f75d694f562bdc84a26cc930569f3dfdfbccb3420b626065777/numpy-2.2.1-cp313-cp313-win32.whl", hash = "sha256:9ad014faa93dbb52c80d8f4d3dcf855865c876c9660cb9bd7553843dd03a4b1e", size = 6270841 },
    { url = "https://files.pythonhosted.org/packages/44/be/0e5cd009d2162e4138d79a5afb3b5d2341f0fe4777ab6e675aa3d4a42e21/numpy-2.2.1-cp313-cp313-win_amd64.whl", hash = "sha256:164a829b6aacf79ca47ba4814b130c4020b202522a93d7bff2202bfb33b61c60", size = 12606618 },
    { url = "https://files.pythonhosted.org/packages/a8/87/04ddf02dd86fb17c7485a5f87b605c4437966d53de1e3745d450343a6f56/numpy-2.2.1-cp313-cp313t-macosx_10_13_x86_64.whl", hash = "sha256:4dfda918a13cc4f81e9118dea249e192ab167a0bb1966272d5503e39234d694e", size = 20921004 },
    { url = "https://files.pythonhosted.org/packages/6e/3e/d0e9e32ab14005425d180ef950badf31b862f3839c5b927796648b11f88a/numpy-2.2.1-cp313-cp313t-macosx_11_0_arm64.whl", hash = "sha256:733585f9f4b62e9b3528dd1070ec4f52b8acf64215b60a845fa13ebd73cd0712", size = 14119910 },
    { url = "https://files.pythonhosted.org/packages/b5/5b/aa2d1905b04a8fb681e08742bb79a7bddfc160c7ce8e1ff6d5c821be0236/numpy-2.2.1-cp313-cp313t-macosx_14_0_arm64.whl", hash = "sha256:89b16a18e7bba224ce5114db863e7029803c179979e1af6ad6a6b11f70545008", size = 5153612 },
    { url = "https://files.pythonhosted.org/packages/ce/35/6831808028df0648d9b43c5df7e1051129aa0d562525bacb70019c5f5030/numpy-2.2.1-cp313-cp313t-macosx_14_0_x86_64.whl", hash = "sha256:676f4eebf6b2d430300f1f4f4c2461685f8269f94c89698d832cdf9277f30b84", size = 6668401 },
    { url = "https://files.pythonhosted.org/packages/b1/38/10ef509ad63a5946cc042f98d838daebfe7eaf45b9daaf13df2086b15ff9/numpy-2.2.1-cp313-cp313t-manylinux_2_17_aarch64.manylinux2014_aarch64.whl", hash = "sha256:27f5cdf9f493b35f7e41e8368e7d7b4bbafaf9660cba53fb21d2cd174ec09631", size = 14014198 },
    { url = "https://files.pythonhosted.org/packages/df/f8/c80968ae01df23e249ee0a4487fae55a4c0fe2f838dfe9cc907aa8aea0fa/numpy-2.2.1-cp313-cp313t-manylinux_2_17_x86_64.manylinux2014_x86_64.whl", hash = "sha256:c1ad395cf254c4fbb5b2132fee391f361a6e8c1adbd28f2cd8e79308a615fe9d", size = 16076211 },
    { url = "https://files.pythonhosted.org/packages/09/69/05c169376016a0b614b432967ac46ff14269eaffab80040ec03ae1ae8e2c/numpy-2.2.1-cp313-cp313t-musllinux_1_2_aarch64.whl", hash = "sha256:08ef779aed40dbc52729d6ffe7dd51df85796a702afbf68a4f4e41fafdc8bda5", size = 15220266 },
    { url = "https://files.pythonhosted.org/packages/f1/ff/94a4ce67ea909f41cf7ea712aebbe832dc67decad22944a1020bb398a5ee/numpy-2.2.1-cp313-cp313t-musllinux_1_2_x86_64.whl", hash = "sha256:26c9c4382b19fcfbbed3238a14abf7ff223890ea1936b8890f058e7ba35e8d71", size = 17852844 },
    { url = "https://files.pythonhosted.org/packages/46/72/8a5dbce4020dfc595592333ef2fbb0a187d084ca243b67766d29d03e0096/numpy-2.2.1-cp313-cp313t-win32.whl", hash = "sha256:93cf4e045bae74c90ca833cba583c14b62cb4ba2cba0abd2b141ab52548247e2", size = 6326007 },
    { url = "https://files.pythonhosted.org/packages/7b/9c/4fce9cf39dde2562584e4cfd351a0140240f82c0e3569ce25a250f47037d/numpy-2.2.1-cp313-cp313t-win_amd64.whl", hash = "sha256:bff7d8ec20f5f42607599f9994770fa65d76edca264a87b5e4ea5629bce12268", size = 12693107 },
]

[[package]]
name = "opt-einsum"
version = "3.4.0"
source = { registry = "https://pypi.org/simple" }
sdist = { url = "https://files.pythonhosted.org/packages/8c/b9/2ac072041e899a52f20cf9510850ff58295003aa75525e58343591b0cbfb/opt_einsum-3.4.0.tar.gz", hash = "sha256:96ca72f1b886d148241348783498194c577fa30a8faac108586b14f1ba4473ac", size = 63004 }
wheels = [
    { url = "https://files.pythonhosted.org/packages/23/cd/066e86230ae37ed0be70aae89aabf03ca8d9f39c8aea0dec8029455b5540/opt_einsum-3.4.0-py3-none-any.whl", hash = "sha256:69bb92469f86a1565195ece4ac0323943e83477171b91d24c35afe028a90d7cd", size = 71932 },
]

[[package]]
name = "platformdirs"
version = "4.3.6"
source = { registry = "https://pypi.org/simple" }
sdist = { url = "https://files.pythonhosted.org/packages/13/fc/128cc9cb8f03208bdbf93d3aa862e16d376844a14f9a0ce5cf4507372de4/platformdirs-4.3.6.tar.gz", hash = "sha256:357fb2acbc885b0419afd3ce3ed34564c13c9b95c89360cd9563f73aa5e2b907", size = 21302 }
wheels = [
    { url = "https://files.pythonhosted.org/packages/3c/a6/bc1012356d8ece4d66dd75c4b9fc6c1f6650ddd5991e421177d9f8f671be/platformdirs-4.3.6-py3-none-any.whl", hash = "sha256:73e575e1408ab8103900836b97580d5307456908a03e92031bab39e4554cc3fb", size = 18439 },
]

[[package]]
name = "pre-commit"
version = "4.0.1"
source = { registry = "https://pypi.org/simple" }
dependencies = [
    { name = "cfgv" },
    { name = "identify" },
    { name = "nodeenv" },
    { name = "pyyaml" },
    { name = "virtualenv" },
]
sdist = { url = "https://files.pythonhosted.org/packages/2e/c8/e22c292035f1bac8b9f5237a2622305bc0304e776080b246f3df57c4ff9f/pre_commit-4.0.1.tar.gz", hash = "sha256:80905ac375958c0444c65e9cebebd948b3cdb518f335a091a670a89d652139d2", size = 191678 }
wheels = [
    { url = "https://files.pythonhosted.org/packages/16/8f/496e10d51edd6671ebe0432e33ff800aa86775d2d147ce7d43389324a525/pre_commit-4.0.1-py2.py3-none-any.whl", hash = "sha256:efde913840816312445dc98787724647c65473daefe420785f885e8ed9a06878", size = 218713 },
]

[[package]]
name = "pyopengl"
version = "3.1.7"
source = { registry = "https://pypi.org/simple" }
sdist = { url = "https://files.pythonhosted.org/packages/72/b6/970868d44b619292f1f54501923c69c9bd0ab1d2d44cf02590eac2706f4f/PyOpenGL-3.1.7.tar.gz", hash = "sha256:eef31a3888e6984fd4d8e6c9961b184c9813ca82604d37fe3da80eb000a76c86", size = 1896446 }
wheels = [
    { url = "https://files.pythonhosted.org/packages/99/48/00e31747821d3fc56faddd00a4725454d1e694a8b67d715cf20f531506a5/PyOpenGL-3.1.7-py3-none-any.whl", hash = "sha256:a6ab19cf290df6101aaf7470843a9c46207789855746399d0af92521a0a92b7a", size = 2416834 },
]

[[package]]
name = "pyyaml"
version = "6.0.2"
source = { registry = "https://pypi.org/simple" }
sdist = { url = "https://files.pythonhosted.org/packages/54/ed/79a089b6be93607fa5cdaedf301d7dfb23af5f25c398d5ead2525b063e17/pyyaml-6.0.2.tar.gz", hash = "sha256:d584d9ec91ad65861cc08d42e834324ef890a082e591037abe114850ff7bbc3e", size = 130631 }
wheels = [
    { url = "https://files.pythonhosted.org/packages/ef/e3/3af305b830494fa85d95f6d95ef7fa73f2ee1cc8ef5b495c7c3269fb835f/PyYAML-6.0.2-cp313-cp313-macosx_10_13_x86_64.whl", hash = "sha256:efdca5630322a10774e8e98e1af481aad470dd62c3170801852d752aa7a783ba", size = 181309 },
    { url = "https://files.pythonhosted.org/packages/45/9f/3b1c20a0b7a3200524eb0076cc027a970d320bd3a6592873c85c92a08731/PyYAML-6.0.2-cp313-cp313-macosx_11_0_arm64.whl", hash = "sha256:50187695423ffe49e2deacb8cd10510bc361faac997de9efef88badc3bb9e2d1", size = 171679 },
    { url = "https://files.pythonhosted.org/packages/7c/9a/337322f27005c33bcb656c655fa78325b730324c78620e8328ae28b64d0c/PyYAML-6.0.2-cp313-cp313-manylinux_2_17_aarch64.manylinux2014_aarch64.whl", hash = "sha256:0ffe8360bab4910ef1b9e87fb812d8bc0a308b0d0eef8c8f44e0254ab3b07133", size = 733428 },
    { url = "https://files.pythonhosted.org/packages/a3/69/864fbe19e6c18ea3cc196cbe5d392175b4cf3d5d0ac1403ec3f2d237ebb5/PyYAML-6.0.2-cp313-cp313-manylinux_2_17_s390x.manylinux2014_s390x.whl", hash = "sha256:17e311b6c678207928d649faa7cb0d7b4c26a0ba73d41e99c4fff6b6c3276484", size = 763361 },
    { url = "https://files.pythonhosted.org/packages/04/24/b7721e4845c2f162d26f50521b825fb061bc0a5afcf9a386840f23ea19fa/PyYAML-6.0.2-cp313-cp313-manylinux_2_17_x86_64.manylinux2014_x86_64.whl", hash = "sha256:70b189594dbe54f75ab3a1acec5f1e3faa7e8cf2f1e08d9b561cb41b845f69d5", size = 759523 },
    { url = "https://files.pythonhosted.org/packages/2b/b2/e3234f59ba06559c6ff63c4e10baea10e5e7df868092bf9ab40e5b9c56b6/PyYAML-6.0.2-cp313-cp313-musllinux_1_1_aarch64.whl", hash = "sha256:41e4e3953a79407c794916fa277a82531dd93aad34e29c2a514c2c0c5fe971cc", size = 726660 },
    { url = "https://files.pythonhosted.org/packages/fe/0f/25911a9f080464c59fab9027482f822b86bf0608957a5fcc6eaac85aa515/PyYAML-6.0.2-cp313-cp313-musllinux_1_1_x86_64.whl", hash = "sha256:68ccc6023a3400877818152ad9a1033e3db8625d899c72eacb5a668902e4d652", size = 751597 },
    { url = "https://files.pythonhosted.org/packages/14/0d/e2c3b43bbce3cf6bd97c840b46088a3031085179e596d4929729d8d68270/PyYAML-6.0.2-cp313-cp313-win32.whl", hash = "sha256:bc2fa7c6b47d6bc618dd7fb02ef6fdedb1090ec036abab80d4681424b84c1183", size = 140527 },
    { url = "https://files.pythonhosted.org/packages/fa/de/02b54f42487e3d3c6efb3f89428677074ca7bf43aae402517bc7cca949f3/PyYAML-6.0.2-cp313-cp313-win_amd64.whl", hash = "sha256:8388ee1976c416731879ac16da0aff3f63b286ffdd57cdeb95f3f2e085687563", size = 156446 },
]

[[package]]
name = "ruff"
version = "0.9.1"
source = { registry = "https://pypi.org/simple" }
sdist = { url = "https://files.pythonhosted.org/packages/67/3e/e89f736f01aa9517a97e2e7e0ce8d34a4d8207087b3cfdec95133fee13b5/ruff-0.9.1.tar.gz", hash = "sha256:fd2b25ecaf907d6458fa842675382c8597b3c746a2dde6717fe3415425df0c17", size = 3498844 }
wheels = [
    { url = "https://files.pythonhosted.org/packages/dc/05/c3a2e0feb3d5d394cdfd552de01df9d3ec8a3a3771bbff247fab7e668653/ruff-0.9.1-py3-none-linux_armv6l.whl", hash = "sha256:84330dda7abcc270e6055551aca93fdde1b0685fc4fd358f26410f9349cf1743", size = 10645241 },
    { url = "https://files.pythonhosted.org/packages/dd/da/59f0a40e5f88ee5c054ad175caaa2319fc96571e1d29ab4730728f2aad4f/ruff-0.9.1-py3-none-macosx_10_12_x86_64.whl", hash = "sha256:3cae39ba5d137054b0e5b472aee3b78a7c884e61591b100aeb544bcd1fc38d4f", size = 10391066 },
    { url = "https://files.pythonhosted.org/packages/b7/fe/85e1c1acf0ba04a3f2d54ae61073da030f7a5dc386194f96f3c6ca444a78/ruff-0.9.1-py3-none-macosx_11_0_arm64.whl", hash = "sha256:50c647ff96f4ba288db0ad87048257753733763b409b2faf2ea78b45c8bb7fcb", size = 10012308 },
    { url = "https://files.pythonhosted.org/packages/6f/9b/780aa5d4bdca8dcea4309264b8faa304bac30e1ce0bcc910422bfcadd203/ruff-0.9.1-py3-none-manylinux_2_17_aarch64.manylinux2014_aarch64.whl", hash = "sha256:f0c8b149e9c7353cace7d698e1656ffcf1e36e50f8ea3b5d5f7f87ff9986a7ca", size = 10881960 },
    { url = "https://files.pythonhosted.org/packages/12/f4/dac4361afbfe520afa7186439e8094e4884ae3b15c8fc75fb2e759c1f267/ruff-0.9.1-py3-none-manylinux_2_17_armv7l.manylinux2014_armv7l.whl", hash = "sha256:beb3298604540c884d8b282fe7625651378e1986c25df51dec5b2f60cafc31ce", size = 10414803 },
    { url = "https://files.pythonhosted.org/packages/f0/a2/057a3cb7999513cb78d6cb33a7d1cc6401c82d7332583786e4dad9e38e44/ruff-0.9.1-py3-none-manylinux_2_17_i686.manylinux2014_i686.whl", hash = "sha256:39d0174ccc45c439093971cc06ed3ac4dc545f5e8bdacf9f067adf879544d969", size = 11464929 },
    { url = "https://files.pythonhosted.org/packages/eb/c6/1ccfcc209bee465ced4874dcfeaadc88aafcc1ea9c9f31ef66f063c187f0/ruff-0.9.1-py3-none-manylinux_2_17_ppc64.manylinux2014_ppc64.whl", hash = "sha256:69572926c0f0c9912288915214ca9b2809525ea263603370b9e00bed2ba56dbd", size = 12170717 },
    { url = "https://files.pythonhosted.org/packages/84/97/4a524027518525c7cf6931e9fd3b2382be5e4b75b2b61bec02681a7685a5/ruff-0.9.1-py3-none-manylinux_2_17_ppc64le.manylinux2014_ppc64le.whl", hash = "sha256:937267afce0c9170d6d29f01fcd1f4378172dec6760a9f4dface48cdabf9610a", size = 11708921 },
    { url = "https://files.pythonhosted.org/packages/a6/a4/4e77cf6065c700d5593b25fca6cf725b1ab6d70674904f876254d0112ed0/ruff-0.9.1-py3-none-manylinux_2_17_s390x.manylinux2014_s390x.whl", hash = "sha256:186c2313de946f2c22bdf5954b8dd083e124bcfb685732cfb0beae0c47233d9b", size = 13058074 },
    { url = "https://files.pythonhosted.org/packages/f9/d6/fcb78e0531e863d0a952c4c5600cc5cd317437f0e5f031cd2288b117bb37/ruff-0.9.1-py3-none-manylinux_2_17_x86_64.manylinux2014_x86_64.whl", hash = "sha256:3f94942a3bb767675d9a051867c036655fe9f6c8a491539156a6f7e6b5f31831", size = 11281093 },
    { url = "https://files.pythonhosted.org/packages/e4/3b/7235bbeff00c95dc2d073cfdbf2b871b5bbf476754c5d277815d286b4328/ruff-0.9.1-py3-none-musllinux_1_2_aarch64.whl", hash = "sha256:728d791b769cc28c05f12c280f99e8896932e9833fef1dd8756a6af2261fd1ab", size = 10882610 },
    { url = "https://files.pythonhosted.org/packages/2a/66/5599d23257c61cf038137f82999ca8f9d0080d9d5134440a461bef85b461/ruff-0.9.1-py3-none-musllinux_1_2_armv7l.whl", hash = "sha256:2f312c86fb40c5c02b44a29a750ee3b21002bd813b5233facdaf63a51d9a85e1", size = 10489273 },
    { url = "https://files.pythonhosted.org/packages/78/85/de4aa057e2532db0f9761e2c2c13834991e087787b93e4aeb5f1cb10d2df/ruff-0.9.1-py3-none-musllinux_1_2_i686.whl", hash = "sha256:ae017c3a29bee341ba584f3823f805abbe5fe9cd97f87ed07ecbf533c4c88366", size = 11003314 },
    { url = "https://files.pythonhosted.org/packages/00/42/afedcaa089116d81447347f76041ff46025849fedb0ed2b187d24cf70fca/ruff-0.9.1-py3-none-musllinux_1_2_x86_64.whl", hash = "sha256:5dc40a378a0e21b4cfe2b8a0f1812a6572fc7b230ef12cd9fac9161aa91d807f", size = 11342982 },
    { url = "https://files.pythonhosted.org/packages/39/c6/fe45f3eb27e3948b41a305d8b768e949bf6a39310e9df73f6c576d7f1d9f/ruff-0.9.1-py3-none-win32.whl", hash = "sha256:46ebf5cc106cf7e7378ca3c28ce4293b61b449cd121b98699be727d40b79ba72", size = 8819750 },
    { url = "https://files.pythonhosted.org/packages/38/8d/580db77c3b9d5c3d9479e55b0b832d279c30c8f00ab0190d4cd8fc67831c/ruff-0.9.1-py3-none-win_amd64.whl", hash = "sha256:342a824b46ddbcdddd3abfbb332fa7fcaac5488bf18073e841236aadf4ad5c19", size = 9701331 },
    { url = "https://files.pythonhosted.org/packages/b2/94/0498cdb7316ed67a1928300dd87d659c933479f44dec51b4f62bfd1f8028/ruff-0.9.1-py3-none-win_arm64.whl", hash = "sha256:1cd76c7f9c679e6e8f2af8f778367dca82b95009bc7b1a85a47f1521ae524fa7", size = 9145708 },
]

[[package]]
name = "scipy"
version = "1.15.1"
source = { registry = "https://pypi.org/simple" }
dependencies = [
    { name = "numpy" },
]
sdist = { url = "https://files.pythonhosted.org/packages/76/c6/8eb0654ba0c7d0bb1bf67bf8fbace101a8e4f250f7722371105e8b6f68fc/scipy-1.15.1.tar.gz", hash = "sha256:033a75ddad1463970c96a88063a1df87ccfddd526437136b6ee81ff0312ebdf6", size = 59407493 }
wheels = [
    { url = "https://files.pythonhosted.org/packages/2b/bf/dd68965a4c5138a630eeed0baec9ae96e5d598887835bdde96cdd2fe4780/scipy-1.15.1-cp313-cp313-macosx_10_13_x86_64.whl", hash = "sha256:100193bb72fbff37dbd0bf14322314fc7cbe08b7ff3137f11a34d06dc0ee6b85", size = 41441136 },
    { url = "https://files.pythonhosted.org/packages/ef/5e/4928581312922d7e4d416d74c416a660addec4dd5ea185401df2269ba5a0/scipy-1.15.1-cp313-cp313-macosx_12_0_arm64.whl", hash = "sha256:2114a08daec64980e4b4cbdf5bee90935af66d750146b1d2feb0d3ac30613692", size = 32533699 },
    { url = "https://files.pythonhosted.org/packages/32/90/03f99c43041852837686898c66767787cd41c5843d7a1509c39ffef683e9/scipy-1.15.1-cp313-cp313-macosx_14_0_arm64.whl", hash = "sha256:6b3e71893c6687fc5e29208d518900c24ea372a862854c9888368c0b267387ab", size = 24807289 },
    { url = "https://files.pythonhosted.org/packages/9d/52/bfe82b42ae112eaba1af2f3e556275b8727d55ac6e4932e7aef337a9d9d4/scipy-1.15.1-cp313-cp313-macosx_14_0_x86_64.whl", hash = "sha256:837299eec3d19b7e042923448d17d95a86e43941104d33f00da7e31a0f715d3c", size = 27929844 },
    { url = "https://files.pythonhosted.org/packages/f6/77/54ff610bad600462c313326acdb035783accc6a3d5f566d22757ad297564/scipy-1.15.1-cp313-cp313-manylinux_2_17_aarch64.manylinux2014_aarch64.whl", hash = "sha256:82add84e8a9fb12af5c2c1a3a3f1cb51849d27a580cb9e6bd66226195142be6e", size = 38031272 },
    { url = "https://files.pythonhosted.org/packages/f1/26/98585cbf04c7cf503d7eb0a1966df8a268154b5d923c5fe0c1ed13154c49/scipy-1.15.1-cp313-cp313-manylinux_2_17_x86_64.manylinux2014_x86_64.whl", hash = "sha256:070d10654f0cb6abd295bc96c12656f948e623ec5f9a4eab0ddb1466c000716e", size = 40210217 },
    { url = "https://files.pythonhosted.org/packages/fd/3f/3d2285eb6fece8bc5dbb2f9f94d61157d61d155e854fd5fea825b8218f12/scipy-1.15.1-cp313-cp313-musllinux_1_2_x86_64.whl", hash = "sha256:55cc79ce4085c702ac31e49b1e69b27ef41111f22beafb9b49fea67142b696c4", size = 42587785 },
    { url = "https://files.pythonhosted.org/packages/48/7d/5b5251984bf0160d6533695a74a5fddb1fa36edd6f26ffa8c871fbd4782a/scipy-1.15.1-cp313-cp313-win_amd64.whl", hash = "sha256:c352c1b6d7cac452534517e022f8f7b8d139cd9f27e6fbd9f3cbd0bfd39f5bef", size = 43640439 },
    { url = "https://files.pythonhosted.org/packages/e7/b8/0e092f592d280496de52e152582030f8a270b194f87f890e1a97c5599b81/scipy-1.15.1-cp313-cp313t-macosx_10_13_x86_64.whl", hash = "sha256:0458839c9f873062db69a03de9a9765ae2e694352c76a16be44f93ea45c28d2b", size = 41619862 },
    { url = "https://files.pythonhosted.org/packages/f6/19/0b6e1173aba4db9e0b7aa27fe45019857fb90d6904038b83927cbe0a6c1d/scipy-1.15.1-cp313-cp313t-macosx_12_0_arm64.whl", hash = "sha256:af0b61c1de46d0565b4b39c6417373304c1d4f5220004058bdad3061c9fa8a95", size = 32610387 },
    { url = "https://files.pythonhosted.org/packages/e7/02/754aae3bd1fa0f2479ade3cfdf1732ecd6b05853f63eee6066a32684563a/scipy-1.15.1-cp313-cp313t-macosx_14_0_arm64.whl", hash = "sha256:71ba9a76c2390eca6e359be81a3e879614af3a71dfdabb96d1d7ab33da6f2364", size = 24883814 },
    { url = "https://files.pythonhosted.org/packages/1f/ac/d7906201604a2ea3b143bb0de51b3966f66441ba50b7dc182c4505b3edf9/scipy-1.15.1-cp313-cp313t-macosx_14_0_x86_64.whl", hash = "sha256:14eaa373c89eaf553be73c3affb11ec6c37493b7eaaf31cf9ac5dffae700c2e0", size = 27944865 },
    { url = "https://files.pythonhosted.org/packages/84/9d/8f539002b5e203723af6a6f513a45e0a7671e9dabeedb08f417ac17e4edc/scipy-1.15.1-cp313-cp313t-manylinux_2_17_x86_64.manylinux2014_x86_64.whl", hash = "sha256:f735bc41bd1c792c96bc426dece66c8723283695f02df61dcc4d0a707a42fc54", size = 39883261 },
    { url = "https://files.pythonhosted.org/packages/97/c0/62fd3bab828bcccc9b864c5997645a3b86372a35941cdaf677565c25c98d/scipy-1.15.1-cp313-cp313t-musllinux_1_2_x86_64.whl", hash = "sha256:2722a021a7929d21168830790202a75dbb20b468a8133c74a2c0230c72626b6c", size = 42093299 },
    { url = "https://files.pythonhosted.org/packages/e4/1f/5d46a8d94e9f6d2c913cbb109e57e7eed914de38ea99e2c4d69a9fc93140/scipy-1.15.1-cp313-cp313t-win_amd64.whl", hash = "sha256:bc7136626261ac1ed988dca56cfc4ab5180f75e0ee52e58f1e6aa74b5f3eacd5", size = 43181730 },
]

[[package]]
name = "trimesh"
version = "4.5.3"
source = { registry = "https://pypi.org/simple" }
dependencies = [
    { name = "numpy" },
]
sdist = { url = "https://files.pythonhosted.org/packages/e8/2c/a8ae7ebb5179d31528d0df903e83ea3b71e8da25626440a7c634a4daa099/trimesh-4.5.3.tar.gz", hash = "sha256:b1af60399f64f4715d744c5195754068bfeb98981b92feb0c15d016c99379f87", size = 789853 }
wheels = [
    { url = "https://files.pythonhosted.org/packages/28/d0/8852c9f296b5d979a48d764117ff27a96115d74cb6f8ba083744867415a5/trimesh-4.5.3-py3-none-any.whl", hash = "sha256:c56ccbf7e2783eadcc1eec191273fcb08801c74a03f2a08c8a5dcc3d55b031e3", size = 704835 },
]

[[package]]
name = "typing-extensions"
version = "4.12.2"
source = { registry = "https://pypi.org/simple" }
sdist = { url = "https://files.pythonhosted.org/packages/df/db/f35a00659bc03fec321ba8bce9420de607a1d37f8342eee1863174c69557/typing_extensions-4.12.2.tar.gz", hash = "sha256:1a7ead55c7e559dd4dee8856e3a88b41225abfe1ce8df57b7c13915fe121ffb8", size = 85321 }
wheels = [
    { url = "https://files.pythonhosted.org/packages/26/9f/ad63fc0248c5379346306f8668cda6e2e2e9c95e01216d2b8ffd9ff037d0/typing_extensions-4.12.2-py3-none-any.whl", hash = "sha256:04e5ca0351e0f3f85c6853954072df659d0d13fac324d0072316b67d7794700d", size = 37438 },
]

[[package]]
name = "virtualenv"
version = "20.28.1"
source = { registry = "https://pypi.org/simple" }
dependencies = [
    { name = "distlib" },
    { name = "filelock" },
    { name = "platformdirs" },
]
sdist = { url = "https://files.pythonhosted.org/packages/50/39/689abee4adc85aad2af8174bb195a819d0be064bf55fcc73b49d2b28ae77/virtualenv-20.28.1.tar.gz", hash = "sha256:5d34ab240fdb5d21549b76f9e8ff3af28252f5499fb6d6f031adac4e5a8c5329", size = 7650532 }
wheels = [
    { url = "https://files.pythonhosted.org/packages/51/8f/dfb257ca6b4e27cb990f1631142361e4712badab8e3ca8dc134d96111515/virtualenv-20.28.1-py3-none-any.whl", hash = "sha256:412773c85d4dab0409b83ec36f7a6499e72eaf08c80e81e9576bca61831c71cb", size = 4276719 },
]

[[package]]
name = "zipp"
version = "3.21.0"
source = { registry = "https://pypi.org/simple" }
sdist = { url = "https://files.pythonhosted.org/packages/3f/50/bad581df71744867e9468ebd0bcd6505de3b275e06f202c2cb016e3ff56f/zipp-3.21.0.tar.gz", hash = "sha256:2c9958f6430a2040341a52eb608ed6dd93ef4392e02ffe219417c1b28b5dd1f4", size = 24545 }
wheels = [
    { url = "https://files.pythonhosted.org/packages/b7/1a/7e4798e9339adc931158c9d69ecc34f5e6791489d469f5e50ec15e35f458/zipp-3.21.0-py3-none-any.whl", hash = "sha256:ac1bbe05fd2991f160ebce24ffbac5f6d11d83dc90891255885223d42b3cd931", size = 9630 },
]
